// !$*UTF8*$!
{
	archiveVersion = 1;
	classes = {
	};
	objectVersion = 46;
	objects = {

/* Begin PBXBuildFile section */
		6D028DA419197BFF00A8E057 /* Foundation.framework in Frameworks */ = {isa = PBXBuildFile; fileRef = 6D028DA319197BFF00A8E057 /* Foundation.framework */; };
		6D028DA619197BFF00A8E057 /* CoreGraphics.framework in Frameworks */ = {isa = PBXBuildFile; fileRef = 6D028DA519197BFF00A8E057 /* CoreGraphics.framework */; };
		6D028DA819197BFF00A8E057 /* UIKit.framework in Frameworks */ = {isa = PBXBuildFile; fileRef = 6D028DA719197BFF00A8E057 /* UIKit.framework */; };
		6D028DAE19197BFF00A8E057 /* InfoPlist.strings in Resources */ = {isa = PBXBuildFile; fileRef = 6D028DAC19197BFF00A8E057 /* InfoPlist.strings */; };
		6D028DB019197BFF00A8E057 /* main.m in Sources */ = {isa = PBXBuildFile; fileRef = 6D028DAF19197BFF00A8E057 /* main.m */; };
		6D028DB419197BFF00A8E057 /* MMAAppDelegate.m in Sources */ = {isa = PBXBuildFile; fileRef = 6D028DB319197BFF00A8E057 /* MMAAppDelegate.m */; };
		6D028DB719197BFF00A8E057 /* Main.storyboard in Resources */ = {isa = PBXBuildFile; fileRef = 6D028DB519197BFF00A8E057 /* Main.storyboard */; };
		6D028DBA19197BFF00A8E057 /* MMAViewController.m in Sources */ = {isa = PBXBuildFile; fileRef = 6D028DB919197BFF00A8E057 /* MMAViewController.m */; };
		6D028DBC19197BFF00A8E057 /* Images.xcassets in Resources */ = {isa = PBXBuildFile; fileRef = 6D028DBB19197BFF00A8E057 /* Images.xcassets */; };
		6D028DC319197BFF00A8E057 /* XCTest.framework in Frameworks */ = {isa = PBXBuildFile; fileRef = 6D028DC219197BFF00A8E057 /* XCTest.framework */; };
		6D028DC419197BFF00A8E057 /* Foundation.framework in Frameworks */ = {isa = PBXBuildFile; fileRef = 6D028DA319197BFF00A8E057 /* Foundation.framework */; };
		6D028DC519197BFF00A8E057 /* UIKit.framework in Frameworks */ = {isa = PBXBuildFile; fileRef = 6D028DA719197BFF00A8E057 /* UIKit.framework */; };
		6D028DCD19197BFF00A8E057 /* InfoPlist.strings in Resources */ = {isa = PBXBuildFile; fileRef = 6D028DCB19197BFF00A8E057 /* InfoPlist.strings */; };
		6D028DCF19197BFF00A8E057 /* SmileCameraViewControllerTests.m in Sources */ = {isa = PBXBuildFile; fileRef = 6D028DCE19197BFF00A8E057 /* SmileCameraViewControllerTests.m */; };
/* End PBXBuildFile section */

/* Begin PBXContainerItemProxy section */
		6D028DC619197BFF00A8E057 /* PBXContainerItemProxy */ = {
			isa = PBXContainerItemProxy;
			containerPortal = 6D028D9819197BFF00A8E057 /* Project object */;
			proxyType = 1;
			remoteGlobalIDString = 6D028D9F19197BFF00A8E057;
			remoteInfo = SmileCameraViewController;
		};
/* End PBXContainerItemProxy section */

/* Begin PBXFileReference section */
		6D028DA019197BFF00A8E057 /* SmileCameraViewController.app */ = {isa = PBXFileReference; explicitFileType = wrapper.application; includeInIndex = 0; path = SmileCameraViewController.app; sourceTree = BUILT_PRODUCTS_DIR; };
		6D028DA319197BFF00A8E057 /* Foundation.framework */ = {isa = PBXFileReference; lastKnownFileType = wrapper.framework; name = Foundation.framework; path = System/Library/Frameworks/Foundation.framework; sourceTree = SDKROOT; };
		6D028DA519197BFF00A8E057 /* CoreGraphics.framework */ = {isa = PBXFileReference; lastKnownFileType = wrapper.framework; name = CoreGraphics.framework; path = System/Library/Frameworks/CoreGraphics.framework; sourceTree = SDKROOT; };
		6D028DA719197BFF00A8E057 /* UIKit.framework */ = {isa = PBXFileReference; lastKnownFileType = wrapper.framework; name = UIKit.framework; path = System/Library/Frameworks/UIKit.framework; sourceTree = SDKROOT; };
		6D028DAB19197BFF00A8E057 /* SmileCameraViewController-Info.plist */ = {isa = PBXFileReference; lastKnownFileType = text.plist.xml; path = "SmileCameraViewController-Info.plist"; sourceTree = "<group>"; };
		6D028DAD19197BFF00A8E057 /* en */ = {isa = PBXFileReference; lastKnownFileType = text.plist.strings; name = en; path = en.lproj/InfoPlist.strings; sourceTree = "<group>"; };
		6D028DAF19197BFF00A8E057 /* main.m */ = {isa = PBXFileReference; lastKnownFileType = sourcecode.c.objc; path = main.m; sourceTree = "<group>"; };
		6D028DB119197BFF00A8E057 /* SmileCameraViewController-Prefix.pch */ = {isa = PBXFileReference; lastKnownFileType = sourcecode.c.h; path = "SmileCameraViewController-Prefix.pch"; sourceTree = "<group>"; };
		6D028DB219197BFF00A8E057 /* MMAAppDelegate.h */ = {isa = PBXFileReference; lastKnownFileType = sourcecode.c.h; path = MMAAppDelegate.h; sourceTree = "<group>"; };
		6D028DB319197BFF00A8E057 /* MMAAppDelegate.m */ = {isa = PBXFileReference; lastKnownFileType = sourcecode.c.objc; path = MMAAppDelegate.m; sourceTree = "<group>"; };
		6D028DB619197BFF00A8E057 /* Base */ = {isa = PBXFileReference; lastKnownFileType = file.storyboard; name = Base; path = Base.lproj/Main.storyboard; sourceTree = "<group>"; };
		6D028DB819197BFF00A8E057 /* MMAViewController.h */ = {isa = PBXFileReference; lastKnownFileType = sourcecode.c.h; path = MMAViewController.h; sourceTree = "<group>"; };
		6D028DB919197BFF00A8E057 /* MMAViewController.m */ = {isa = PBXFileReference; lastKnownFileType = sourcecode.c.objc; path = MMAViewController.m; sourceTree = "<group>"; };
		6D028DBB19197BFF00A8E057 /* Images.xcassets */ = {isa = PBXFileReference; lastKnownFileType = folder.assetcatalog; path = Images.xcassets; sourceTree = "<group>"; };
		6D028DC119197BFF00A8E057 /* SmileCameraViewControllerTests.xctest */ = {isa = PBXFileReference; explicitFileType = wrapper.cfbundle; includeInIndex = 0; path = SmileCameraViewControllerTests.xctest; sourceTree = BUILT_PRODUCTS_DIR; };
		6D028DC219197BFF00A8E057 /* XCTest.framework */ = {isa = PBXFileReference; lastKnownFileType = wrapper.framework; name = XCTest.framework; path = Library/Frameworks/XCTest.framework; sourceTree = DEVELOPER_DIR; };
		6D028DCA19197BFF00A8E057 /* SmileCameraViewControllerTests-Info.plist */ = {isa = PBXFileReference; lastKnownFileType = text.plist.xml; path = "SmileCameraViewControllerTests-Info.plist"; sourceTree = "<group>"; };
		6D028DCC19197BFF00A8E057 /* en */ = {isa = PBXFileReference; lastKnownFileType = text.plist.strings; name = en; path = en.lproj/InfoPlist.strings; sourceTree = "<group>"; };
		6D028DCE19197BFF00A8E057 /* SmileCameraViewControllerTests.m */ = {isa = PBXFileReference; lastKnownFileType = sourcecode.c.objc; path = SmileCameraViewControllerTests.m; sourceTree = "<group>"; };
/* End PBXFileReference section */

/* Begin PBXFrameworksBuildPhase section */
		6D028D9D19197BFF00A8E057 /* Frameworks */ = {
			isa = PBXFrameworksBuildPhase;
			buildActionMask = 2147483647;
			files = (
				6D028DA619197BFF00A8E057 /* CoreGraphics.framework in Frameworks */,
				6D028DA819197BFF00A8E057 /* UIKit.framework in Frameworks */,
				6D028DA419197BFF00A8E057 /* Foundation.framework in Frameworks */,
			);
			runOnlyForDeploymentPostprocessing = 0;
		};
		6D028DBE19197BFF00A8E057 /* Frameworks */ = {
			isa = PBXFrameworksBuildPhase;
			buildActionMask = 2147483647;
			files = (
				6D028DC319197BFF00A8E057 /* XCTest.framework in Frameworks */,
				6D028DC519197BFF00A8E057 /* UIKit.framework in Frameworks */,
				6D028DC419197BFF00A8E057 /* Foundation.framework in Frameworks */,
			);
			runOnlyForDeploymentPostprocessing = 0;
		};
/* End PBXFrameworksBuildPhase section */

/* Begin PBXGroup section */
		6D028D9719197BFF00A8E057 = {
			isa = PBXGroup;
			children = (
				6D028DA919197BFF00A8E057 /* SmileCameraViewController */,
				6D028DC819197BFF00A8E057 /* SmileCameraViewControllerTests */,
				6D028DA219197BFF00A8E057 /* Frameworks */,
				6D028DA119197BFF00A8E057 /* Products */,
			);
			sourceTree = "<group>";
		};
		6D028DA119197BFF00A8E057 /* Products */ = {
			isa = PBXGroup;
			children = (
				6D028DA019197BFF00A8E057 /* SmileCameraViewController.app */,
				6D028DC119197BFF00A8E057 /* SmileCameraViewControllerTests.xctest */,
			);
			name = Products;
			sourceTree = "<group>";
		};
		6D028DA219197BFF00A8E057 /* Frameworks */ = {
			isa = PBXGroup;
			children = (
				6D028DA319197BFF00A8E057 /* Foundation.framework */,
				6D028DA519197BFF00A8E057 /* CoreGraphics.framework */,
				6D028DA719197BFF00A8E057 /* UIKit.framework */,
				6D028DC219197BFF00A8E057 /* XCTest.framework */,
			);
			name = Frameworks;
			sourceTree = "<group>";
		};
		6D028DA919197BFF00A8E057 /* SmileCameraViewController */ = {
			isa = PBXGroup;
			children = (
				6D028DB219197BFF00A8E057 /* MMAAppDelegate.h */,
				6D028DB319197BFF00A8E057 /* MMAAppDelegate.m */,
				6D028DB519197BFF00A8E057 /* Main.storyboard */,
				6D028DB819197BFF00A8E057 /* MMAViewController.h */,
				6D028DB919197BFF00A8E057 /* MMAViewController.m */,
				6D028DBB19197BFF00A8E057 /* Images.xcassets */,
				6D028DAA19197BFF00A8E057 /* Supporting Files */,
			);
			path = SmileCameraViewController;
			sourceTree = "<group>";
		};
		6D028DAA19197BFF00A8E057 /* Supporting Files */ = {
			isa = PBXGroup;
			children = (
				6D028DAB19197BFF00A8E057 /* SmileCameraViewController-Info.plist */,
				6D028DAC19197BFF00A8E057 /* InfoPlist.strings */,
				6D028DAF19197BFF00A8E057 /* main.m */,
				6D028DB119197BFF00A8E057 /* SmileCameraViewController-Prefix.pch */,
			);
			name = "Supporting Files";
			sourceTree = "<group>";
		};
		6D028DC819197BFF00A8E057 /* SmileCameraViewControllerTests */ = {
			isa = PBXGroup;
			children = (
				6D028DCE19197BFF00A8E057 /* SmileCameraViewControllerTests.m */,
				6D028DC919197BFF00A8E057 /* Supporting Files */,
			);
			path = SmileCameraViewControllerTests;
			sourceTree = "<group>";
		};
		6D028DC919197BFF00A8E057 /* Supporting Files */ = {
			isa = PBXGroup;
			children = (
				6D028DCA19197BFF00A8E057 /* SmileCameraViewControllerTests-Info.plist */,
				6D028DCB19197BFF00A8E057 /* InfoPlist.strings */,
			);
			name = "Supporting Files";
			sourceTree = "<group>";
		};
/* End PBXGroup section */

/* Begin PBXNativeTarget section */
		6D028D9F19197BFF00A8E057 /* SmileCameraViewController */ = {
			isa = PBXNativeTarget;
			buildConfigurationList = 6D028DD219197BFF00A8E057 /* Build configuration list for PBXNativeTarget "SmileCameraViewController" */;
			buildPhases = (
				6D028D9C19197BFF00A8E057 /* Sources */,
				6D028D9D19197BFF00A8E057 /* Frameworks */,
				6D028D9E19197BFF00A8E057 /* Resources */,
			);
			buildRules = (
			);
			dependencies = (
			);
			name = SmileCameraViewController;
			productName = SmileCameraViewController;
			productReference = 6D028DA019197BFF00A8E057 /* SmileCameraViewController.app */;
			productType = "com.apple.product-type.application";
		};
		6D028DC019197BFF00A8E057 /* SmileCameraViewControllerTests */ = {
			isa = PBXNativeTarget;
			buildConfigurationList = 6D028DD519197BFF00A8E057 /* Build configuration list for PBXNativeTarget "SmileCameraViewControllerTests" */;
			buildPhases = (
				6D028DBD19197BFF00A8E057 /* Sources */,
				6D028DBE19197BFF00A8E057 /* Frameworks */,
				6D028DBF19197BFF00A8E057 /* Resources */,
			);
			buildRules = (
			);
			dependencies = (
				6D028DC719197BFF00A8E057 /* PBXTargetDependency */,
			);
			name = SmileCameraViewControllerTests;
			productName = SmileCameraViewControllerTests;
			productReference = 6D028DC119197BFF00A8E057 /* SmileCameraViewControllerTests.xctest */;
			productType = "com.apple.product-type.bundle.unit-test";
		};
/* End PBXNativeTarget section */

/* Begin PBXProject section */
		6D028D9819197BFF00A8E057 /* Project object */ = {
			isa = PBXProject;
			attributes = {
				CLASSPREFIX = MMA;
				LastUpgradeCheck = 0510;
				ORGANIZATIONNAME = MMA;
				TargetAttributes = {
					6D028DC019197BFF00A8E057 = {
						TestTargetID = 6D028D9F19197BFF00A8E057;
					};
				};
			};
			buildConfigurationList = 6D028D9B19197BFF00A8E057 /* Build configuration list for PBXProject "SmileCameraViewController" */;
			compatibilityVersion = "Xcode 3.2";
			developmentRegion = English;
			hasScannedForEncodings = 0;
			knownRegions = (
				en,
				Base,
			);
			mainGroup = 6D028D9719197BFF00A8E057;
			productRefGroup = 6D028DA119197BFF00A8E057 /* Products */;
			projectDirPath = "";
			projectRoot = "";
			targets = (
				6D028D9F19197BFF00A8E057 /* SmileCameraViewController */,
				6D028DC019197BFF00A8E057 /* SmileCameraViewControllerTests */,
			);
		};
/* End PBXProject section */

/* Begin PBXResourcesBuildPhase section */
		6D028D9E19197BFF00A8E057 /* Resources */ = {
			isa = PBXResourcesBuildPhase;
			buildActionMask = 2147483647;
			files = (
				6D028DBC19197BFF00A8E057 /* Images.xcassets in Resources */,
				6D028DAE19197BFF00A8E057 /* InfoPlist.strings in Resources */,
				6D028DB719197BFF00A8E057 /* Main.storyboard in Resources */,
			);
			runOnlyForDeploymentPostprocessing = 0;
		};
		6D028DBF19197BFF00A8E057 /* Resources */ = {
			isa = PBXResourcesBuildPhase;
			buildActionMask = 2147483647;
			files = (
				6D028DCD19197BFF00A8E057 /* InfoPlist.strings in Resources */,
			);
			runOnlyForDeploymentPostprocessing = 0;
		};
/* End PBXResourcesBuildPhase section */

/* Begin PBXSourcesBuildPhase section */
		6D028D9C19197BFF00A8E057 /* Sources */ = {
			isa = PBXSourcesBuildPhase;
			buildActionMask = 2147483647;
			files = (
				6D028DBA19197BFF00A8E057 /* MMAViewController.m in Sources */,
				6D028DB419197BFF00A8E057 /* MMAAppDelegate.m in Sources */,
				6D028DB019197BFF00A8E057 /* main.m in Sources */,
			);
			runOnlyForDeploymentPostprocessing = 0;
		};
		6D028DBD19197BFF00A8E057 /* Sources */ = {
			isa = PBXSourcesBuildPhase;
			buildActionMask = 2147483647;
			files = (
				6D028DCF19197BFF00A8E057 /* SmileCameraViewControllerTests.m in Sources */,
			);
			runOnlyForDeploymentPostprocessing = 0;
		};
/* End PBXSourcesBuildPhase section */

/* Begin PBXTargetDependency section */
		6D028DC719197BFF00A8E057 /* PBXTargetDependency */ = {
			isa = PBXTargetDependency;
			target = 6D028D9F19197BFF00A8E057 /* SmileCameraViewController */;
			targetProxy = 6D028DC619197BFF00A8E057 /* PBXContainerItemProxy */;
		};
/* End PBXTargetDependency section */

/* Begin PBXVariantGroup section */
		6D028DAC19197BFF00A8E057 /* InfoPlist.strings */ = {
			isa = PBXVariantGroup;
			children = (
				6D028DAD19197BFF00A8E057 /* en */,
			);
			name = InfoPlist.strings;
			sourceTree = "<group>";
		};
		6D028DB519197BFF00A8E057 /* Main.storyboard */ = {
			isa = PBXVariantGroup;
			children = (
				6D028DB619197BFF00A8E057 /* Base */,
			);
			name = Main.storyboard;
			sourceTree = "<group>";
		};
		6D028DCB19197BFF00A8E057 /* InfoPlist.strings */ = {
			isa = PBXVariantGroup;
			children = (
				6D028DCC19197BFF00A8E057 /* en */,
			);
			name = InfoPlist.strings;
			sourceTree = "<group>";
		};
/* End PBXVariantGroup section */

/* Begin XCBuildConfiguration section */
		6D028DD019197BFF00A8E057 /* Debug */ = {
			isa = XCBuildConfiguration;
			buildSettings = {
				ALWAYS_SEARCH_USER_PATHS = NO;
				CLANG_CXX_LANGUAGE_STANDARD = "gnu++0x";
				CLANG_CXX_LIBRARY = "libc++";
				CLANG_ENABLE_MODULES = YES;
				CLANG_ENABLE_OBJC_ARC = YES;
				CLANG_WARN_BOOL_CONVERSION = YES;
				CLANG_WARN_CONSTANT_CONVERSION = YES;
				CLANG_WARN_DIRECT_OBJC_ISA_USAGE = YES_ERROR;
				CLANG_WARN_EMPTY_BODY = YES;
				CLANG_WARN_ENUM_CONVERSION = YES;
				CLANG_WARN_INT_CONVERSION = YES;
				CLANG_WARN_OBJC_ROOT_CLASS = YES_ERROR;
				CLANG_WARN__DUPLICATE_METHOD_MATCH = YES;
				"CODE_SIGN_IDENTITY[sdk=iphoneos*]" = "iPhone Developer";
				COPY_PHASE_STRIP = NO;
				GCC_C_LANGUAGE_STANDARD = gnu99;
				GCC_DYNAMIC_NO_PIC = NO;
				GCC_OPTIMIZATION_LEVEL = 0;
				GCC_PREPROCESSOR_DEFINITIONS = (
					"DEBUG=1",
					"$(inherited)",
				);
				GCC_SYMBOLS_PRIVATE_EXTERN = NO;
				GCC_WARN_64_TO_32_BIT_CONVERSION = YES;
				GCC_WARN_ABOUT_RETURN_TYPE = YES_ERROR;
				GCC_WARN_UNDECLARED_SELECTOR = YES;
				GCC_WARN_UNINITIALIZED_AUTOS = YES_AGGRESSIVE;
				GCC_WARN_UNUSED_FUNCTION = YES;
				GCC_WARN_UNUSED_VARIABLE = YES;
				IPHONEOS_DEPLOYMENT_TARGET = 7.1;
				ONLY_ACTIVE_ARCH = YES;
				SDKROOT = iphoneos;
			};
			name = Debug;
		};
		6D028DD119197BFF00A8E057 /* Release */ = {
			isa = XCBuildConfiguration;
			buildSettings = {
				ALWAYS_SEARCH_USER_PATHS = NO;
				CLANG_CXX_LANGUAGE_STANDARD = "gnu++0x";
				CLANG_CXX_LIBRARY = "libc++";
				CLANG_ENABLE_MODULES = YES;
				CLANG_ENABLE_OBJC_ARC = YES;
				CLANG_WARN_BOOL_CONVERSION = YES;
				CLANG_WARN_CONSTANT_CONVERSION = YES;
				CLANG_WARN_DIRECT_OBJC_ISA_USAGE = YES_ERROR;
				CLANG_WARN_EMPTY_BODY = YES;
				CLANG_WARN_ENUM_CONVERSION = YES;
				CLANG_WARN_INT_CONVERSION = YES;
				CLANG_WARN_OBJC_ROOT_CLASS = YES_ERROR;
				CLANG_WARN__DUPLICATE_METHOD_MATCH = YES;
				"CODE_SIGN_IDENTITY[sdk=iphoneos*]" = "iPhone Developer";
				COPY_PHASE_STRIP = YES;
				ENABLE_NS_ASSERTIONS = NO;
				GCC_C_LANGUAGE_STANDARD = gnu99;
				GCC_WARN_64_TO_32_BIT_CONVERSION = YES;
				GCC_WARN_ABOUT_RETURN_TYPE = YES_ERROR;
				GCC_WARN_UNDECLARED_SELECTOR = YES;
				GCC_WARN_UNINITIALIZED_AUTOS = YES_AGGRESSIVE;
				GCC_WARN_UNUSED_FUNCTION = YES;
				GCC_WARN_UNUSED_VARIABLE = YES;
				IPHONEOS_DEPLOYMENT_TARGET = 7.1;
				SDKROOT = iphoneos;
				VALIDATE_PRODUCT = YES;
			};
			name = Release;
		};
		6D028DD319197BFF00A8E057 /* Debug */ = {
			isa = XCBuildConfiguration;
			buildSettings = {
				ASSETCATALOG_COMPILER_APPICON_NAME = AppIcon;
				ASSETCATALOG_COMPILER_LAUNCHIMAGE_NAME = LaunchImage;
				GCC_PRECOMPILE_PREFIX_HEADER = YES;
				GCC_PREFIX_HEADER = "SmileCameraViewController/SmileCameraViewController-Prefix.pch";
				INFOPLIST_FILE = "SmileCameraViewController/SmileCameraViewController-Info.plist";
				PRODUCT_NAME = "$(TARGET_NAME)";
				WRAPPER_EXTENSION = app;
			};
			name = Debug;
		};
		6D028DD419197BFF00A8E057 /* Release */ = {
			isa = XCBuildConfiguration;
			buildSettings = {
				ASSETCATALOG_COMPILER_APPICON_NAME = AppIcon;
				ASSETCATALOG_COMPILER_LAUNCHIMAGE_NAME = LaunchImage;
				GCC_PRECOMPILE_PREFIX_HEADER = YES;
				GCC_PREFIX_HEADER = "SmileCameraViewController/SmileCameraViewController-Prefix.pch";
				INFOPLIST_FILE = "SmileCameraViewController/SmileCameraViewController-Info.plist";
				PRODUCT_NAME = "$(TARGET_NAME)";
				WRAPPER_EXTENSION = app;
			};
			name = Release;
		};
		6D028DD619197BFF00A8E057 /* Debug */ = {
			isa = XCBuildConfiguration;
			buildSettings = {
				BUNDLE_LOADER = "$(BUILT_PRODUCTS_DIR)/SmileCameraViewController.app/SmileCameraViewController";
				FRAMEWORK_SEARCH_PATHS = (
					"$(SDKROOT)/Developer/Library/Frameworks",
					"$(inherited)",
					"$(DEVELOPER_FRAMEWORKS_DIR)",
				);
				GCC_PRECOMPILE_PREFIX_HEADER = YES;
				GCC_PREFIX_HEADER = "SmileCameraViewController/SmileCameraViewController-Prefix.pch";
				GCC_PREPROCESSOR_DEFINITIONS = (
					"DEBUG=1",
					"$(inherited)",
				);
				INFOPLIST_FILE = "SmileCameraViewControllerTests/SmileCameraViewControllerTests-Info.plist";
				PRODUCT_NAME = "$(TARGET_NAME)";
				TEST_HOST = "$(BUNDLE_LOADER)";
				WRAPPER_EXTENSION = xctest;
			};
			name = Debug;
		};
		6D028DD719197BFF00A8E057 /* Release */ = {
			isa = XCBuildConfiguration;
			buildSettings = {
				BUNDLE_LOADER = "$(BUILT_PRODUCTS_DIR)/SmileCameraViewController.app/SmileCameraViewController";
				FRAMEWORK_SEARCH_PATHS = (
					"$(SDKROOT)/Developer/Library/Frameworks",
					"$(inherited)",
					"$(DEVELOPER_FRAMEWORKS_DIR)",
				);
				GCC_PRECOMPILE_PREFIX_HEADER = YES;
				GCC_PREFIX_HEADER = "SmileCameraViewController/SmileCameraViewController-Prefix.pch";
				INFOPLIST_FILE = "SmileCameraViewControllerTests/SmileCameraViewControllerTests-Info.plist";
				PRODUCT_NAME = "$(TARGET_NAME)";
				TEST_HOST = "$(BUNDLE_LOADER)";
				WRAPPER_EXTENSION = xctest;
			};
			name = Release;
		};
/* End XCBuildConfiguration section */

/* Begin XCConfigurationList section */
		6D028D9B19197BFF00A8E057 /* Build configuration list for PBXProject "SmileCameraViewController" */ = {
			isa = XCConfigurationList;
			buildConfigurations = (
				6D028DD019197BFF00A8E057 /* Debug */,
				6D028DD119197BFF00A8E057 /* Release */,
			);
			defaultConfigurationIsVisible = 0;
			defaultConfigurationName = Release;
		};
		6D028DD219197BFF00A8E057 /* Build configuration list for PBXNativeTarget "SmileCameraViewController" */ = {
			isa = XCConfigurationList;
			buildConfigurations = (
				6D028DD319197BFF00A8E057 /* Debug */,
				6D028DD419197BFF00A8E057 /* Release */,
			);
			defaultConfigurationIsVisible = 0;
		};
		6D028DD519197BFF00A8E057 /* Build configuration list for PBXNativeTarget "SmileCameraViewControllerTests" */ = {
			isa = XCConfigurationList;
			buildConfigurations = (
				6D028DD619197BFF00A8E057 /* Debug */,
				6D028DD719197BFF00A8E057 /* Release */,
			);
			defaultConfigurationIsVisible = 0;
		};
/* End XCConfigurationList section */
	};
	rootObject = 6D028D9819197BFF00A8E057 /* Project object */;
}
