// !$*UTF8*$!
{
	archiveVersion = 1;
	classes = {
	};
	objectVersion = 46;
	objects = {

/* Begin PBXBuildFile section */
		6D028DA419197BFF00A8E057 /* Foundation.framework in Frameworks */ = {isa = PBXBuildFile; fileRef = 6D028DA319197BFF00A8E057 /* Foundation.framework */; };
		6D028DA619197BFF00A8E057 /* CoreGraphics.framework in Frameworks */ = {isa = PBXBuildFile; fileRef = 6D028DA519197BFF00A8E057 /* CoreGraphics.framework */; };
		6D028DA819197BFF00A8E057 /* UIKit.framework in Frameworks */ = {isa = PBXBuildFile; fileRef = 6D028DA719197BFF00A8E057 /* UIKit.framework */; };
		6D028DAE19197BFF00A8E057 /* InfoPlist.strings in Resources */ = {isa = PBXBuildFile; fileRef = 6D028DAC19197BFF00A8E057 /* InfoPlist.strings */; };
		6D028DB019197BFF00A8E057 /* main.m in Sources */ = {isa = PBXBuildFile; fileRef = 6D028DAF19197BFF00A8E057 /* main.m */; };
		6D028DB419197BFF00A8E057 /* AppDelegate.m in Sources */ = {isa = PBXBuildFile; fileRef = 6D028DB319197BFF00A8E057 /* AppDelegate.m */; };
		6D028DBC19197BFF00A8E057 /* Images.xcassets in Resources */ = {isa = PBXBuildFile; fileRef = 6D028DBB19197BFF00A8E057 /* Images.xcassets */; };
		6D028DD919197D9A00A8E057 /* AVFoundation.framework in Frameworks */ = {isa = PBXBuildFile; fileRef = 6D028DD819197D9A00A8E057 /* AVFoundation.framework */; };
		6DCB6D3A1B19C96800F765B0 /* SmileCameraViewController.m in Sources */ = {isa = PBXBuildFile; fileRef = 6DCB6D381B19C96800F765B0 /* SmileCameraViewController.m */; };
		6DCB6D3B1B19C96800F765B0 /* SmileCameraViewController.xib in Resources */ = {isa = PBXBuildFile; fileRef = 6DCB6D391B19C96800F765B0 /* SmileCameraViewController.xib */; };
		6DE737EB1D82D82B00660937 /* LaunchScreen.storyboard in Resources */ = {isa = PBXBuildFile; fileRef = 6DE737EA1D82D82B00660937 /* LaunchScreen.storyboard */; };
		6DE737EE1D82DF6D00660937 /* UIImage+Additions.m in Sources */ = {isa = PBXBuildFile; fileRef = 6DE737ED1D82DF6D00660937 /* UIImage+Additions.m */; };
/* End PBXBuildFile section */

/* Begin PBXFileReference section */
		6D028DA019197BFF00A8E057 /* SmileCameraViewControllerDemo.app */ = {isa = PBXFileReference; explicitFileType = wrapper.application; includeInIndex = 0; path = SmileCameraViewControllerDemo.app; sourceTree = BUILT_PRODUCTS_DIR; };
		6D028DA319197BFF00A8E057 /* Foundation.framework */ = {isa = PBXFileReference; lastKnownFileType = wrapper.framework; name = Foundation.framework; path = System/Library/Frameworks/Foundation.framework; sourceTree = SDKROOT; };
		6D028DA519197BFF00A8E057 /* CoreGraphics.framework */ = {isa = PBXFileReference; lastKnownFileType = wrapper.framework; name = CoreGraphics.framework; path = System/Library/Frameworks/CoreGraphics.framework; sourceTree = SDKROOT; };
		6D028DA719197BFF00A8E057 /* UIKit.framework */ = {isa = PBXFileReference; lastKnownFileType = wrapper.framework; name = UIKit.framework; path = System/Library/Frameworks/UIKit.framework; sourceTree = SDKROOT; };
		6D028DAB19197BFF00A8E057 /* SmileCameraViewControllerDemo-Info.plist */ = {isa = PBXFileReference; lastKnownFileType = text.plist.xml; path = "SmileCameraViewControllerDemo-Info.plist"; sourceTree = "<group>"; };
		6D028DAD19197BFF00A8E057 /* en */ = {isa = PBXFileReference; lastKnownFileType = text.plist.strings; name = en; path = en.lproj/InfoPlist.strings; sourceTree = "<group>"; };
		6D028DAF19197BFF00A8E057 /* main.m */ = {isa = PBXFileReference; lastKnownFileType = sourcecode.c.objc; path = main.m; sourceTree = "<group>"; };
		6D028DB119197BFF00A8E057 /* SmileCameraViewControllerDemo-Prefix.pch */ = {isa = PBXFileReference; lastKnownFileType = sourcecode.c.h; path = "SmileCameraViewControllerDemo-Prefix.pch"; sourceTree = "<group>"; };
		6D028DB219197BFF00A8E057 /* AppDelegate.h */ = {isa = PBXFileReference; lastKnownFileType = sourcecode.c.h; path = AppDelegate.h; sourceTree = "<group>"; };
		6D028DB319197BFF00A8E057 /* AppDelegate.m */ = {isa = PBXFileReference; lastKnownFileType = sourcecode.c.objc; path = AppDelegate.m; sourceTree = "<group>"; };
		6D028DBB19197BFF00A8E057 /* Images.xcassets */ = {isa = PBXFileReference; lastKnownFileType = folder.assetcatalog; path = Images.xcassets; sourceTree = "<group>"; };
		6D028DD819197D9A00A8E057 /* AVFoundation.framework */ = {isa = PBXFileReference; lastKnownFileType = wrapper.framework; name = AVFoundation.framework; path = System/Library/Frameworks/AVFoundation.framework; sourceTree = SDKROOT; };
		6DCB6D371B19C96800F765B0 /* SmileCameraViewController.h */ = {isa = PBXFileReference; fileEncoding = 4; lastKnownFileType = sourcecode.c.h; path = SmileCameraViewController.h; sourceTree = "<group>"; };
		6DCB6D381B19C96800F765B0 /* SmileCameraViewController.m */ = {isa = PBXFileReference; fileEncoding = 4; lastKnownFileType = sourcecode.c.objc; path = SmileCameraViewController.m; sourceTree = "<group>"; };
		6DCB6D391B19C96800F765B0 /* SmileCameraViewController.xib */ = {isa = PBXFileReference; fileEncoding = 4; lastKnownFileType = file.xib; path = SmileCameraViewController.xib; sourceTree = "<group>"; };
		6DE737EA1D82D82B00660937 /* LaunchScreen.storyboard */ = {isa = PBXFileReference; fileEncoding = 4; lastKnownFileType = file.storyboard; name = LaunchScreen.storyboard; path = ../LaunchScreen.storyboard; sourceTree = "<group>"; };
		6DE737EC1D82DF6D00660937 /* UIImage+Additions.h */ = {isa = PBXFileReference; fileEncoding = 4; lastKnownFileType = sourcecode.c.h; path = "UIImage+Additions.h"; sourceTree = "<group>"; };
		6DE737ED1D82DF6D00660937 /* UIImage+Additions.m */ = {isa = PBXFileReference; fileEncoding = 4; lastKnownFileType = sourcecode.c.objc; path = "UIImage+Additions.m"; sourceTree = "<group>"; };
/* End PBXFileReference section */

/* Begin PBXFrameworksBuildPhase section */
		6D028D9D19197BFF00A8E057 /* Frameworks */ = {
			isa = PBXFrameworksBuildPhase;
			buildActionMask = 2147483647;
			files = (
				6D028DD919197D9A00A8E057 /* AVFoundation.framework in Frameworks */,
				6D028DA619197BFF00A8E057 /* CoreGraphics.framework in Frameworks */,
				6D028DA819197BFF00A8E057 /* UIKit.framework in Frameworks */,
				6D028DA419197BFF00A8E057 /* Foundation.framework in Frameworks */,
			);
			runOnlyForDeploymentPostprocessing = 0;
		};
/* End PBXFrameworksBuildPhase section */

/* Begin PBXGroup section */
		6D028D9719197BFF00A8E057 = {
			isa = PBXGroup;
			children = (
				6DE737EC1D82DF6D00660937 /* UIImage+Additions.h */,
				6DE737ED1D82DF6D00660937 /* UIImage+Additions.m */,
				6DCB6D371B19C96800F765B0 /* SmileCameraViewController.h */,
				6DCB6D381B19C96800F765B0 /* SmileCameraViewController.m */,
				6DCB6D391B19C96800F765B0 /* SmileCameraViewController.xib */,
				6D028DA919197BFF00A8E057 /* SmileCameraViewControllerDemo */,
				6D028DA219197BFF00A8E057 /* Frameworks */,
				6D028DA119197BFF00A8E057 /* Products */,
			);
			sourceTree = "<group>";
		};
		6D028DA119197BFF00A8E057 /* Products */ = {
			isa = PBXGroup;
			children = (
				6D028DA019197BFF00A8E057 /* SmileCameraViewControllerDemo.app */,
			);
			name = Products;
			sourceTree = "<group>";
		};
		6D028DA219197BFF00A8E057 /* Frameworks */ = {
			isa = PBXGroup;
			children = (
				6D028DD819197D9A00A8E057 /* AVFoundation.framework */,
				6D028DA319197BFF00A8E057 /* Foundation.framework */,
				6D028DA519197BFF00A8E057 /* CoreGraphics.framework */,
				6D028DA719197BFF00A8E057 /* UIKit.framework */,
			);
			name = Frameworks;
			sourceTree = "<group>";
		};
		6D028DA919197BFF00A8E057 /* SmileCameraViewControllerDemo */ = {
			isa = PBXGroup;
			children = (
				6D028DB219197BFF00A8E057 /* AppDelegate.h */,
				6D028DB319197BFF00A8E057 /* AppDelegate.m */,
				6D028DBB19197BFF00A8E057 /* Images.xcassets */,
				6D028DAA19197BFF00A8E057 /* Supporting Files */,
			);
			name = SmileCameraViewControllerDemo;
			path = SmileCameraViewController;
			sourceTree = "<group>";
		};
		6D028DAA19197BFF00A8E057 /* Supporting Files */ = {
			isa = PBXGroup;
			children = (
				6DE737EA1D82D82B00660937 /* LaunchScreen.storyboard */,
				6D028DAB19197BFF00A8E057 /* SmileCameraViewControllerDemo-Info.plist */,
				6D028DAC19197BFF00A8E057 /* InfoPlist.strings */,
				6D028DAF19197BFF00A8E057 /* main.m */,
				6D028DB119197BFF00A8E057 /* SmileCameraViewControllerDemo-Prefix.pch */,
			);
			name = "Supporting Files";
			sourceTree = "<group>";
		};
/* End PBXGroup section */

/* Begin PBXNativeTarget section */
		6D028D9F19197BFF00A8E057 /* SmileCameraViewControllerDemo */ = {
			isa = PBXNativeTarget;
			buildConfigurationList = 6D028DD219197BFF00A8E057 /* Build configuration list for PBXNativeTarget "SmileCameraViewControllerDemo" */;
			buildPhases = (
				6D028D9C19197BFF00A8E057 /* Sources */,
				6D028D9D19197BFF00A8E057 /* Frameworks */,
				6D028D9E19197BFF00A8E057 /* Resources */,
			);
			buildRules = (
			);
			dependencies = (
			);
			name = SmileCameraViewControllerDemo;
			productName = SmileCameraViewController;
			productReference = 6D028DA019197BFF00A8E057 /* SmileCameraViewControllerDemo.app */;
			productType = "com.apple.product-type.application";
		};
/* End PBXNativeTarget section */

/* Begin PBXProject section */
		6D028D9819197BFF00A8E057 /* Project object */ = {
			isa = PBXProject;
			attributes = {
				CLASSPREFIX = MMA;
				LastUpgradeCheck = 0510;
				ORGANIZATIONNAME = MMA;
			};
			buildConfigurationList = 6D028D9B19197BFF00A8E057 /* Build configuration list for PBXProject "SmileCameraViewControllerDemo" */;
			compatibilityVersion = "Xcode 3.2";
			developmentRegion = English;
			hasScannedForEncodings = 0;
			knownRegions = (
				en,
				Base,
			);
			mainGroup = 6D028D9719197BFF00A8E057;
			productRefGroup = 6D028DA119197BFF00A8E057 /* Products */;
			projectDirPath = "";
			projectRoot = "";
			targets = (
				6D028D9F19197BFF00A8E057 /* SmileCameraViewControllerDemo */,
			);
		};
/* End PBXProject section */

/* Begin PBXResourcesBuildPhase section */
		6D028D9E19197BFF00A8E057 /* Resources */ = {
			isa = PBXResourcesBuildPhase;
			buildActionMask = 2147483647;
			files = (
				6D028DBC19197BFF00A8E057 /* Images.xcassets in Resources */,
				6DE737EB1D82D82B00660937 /* LaunchScreen.storyboard in Resources */,
				6D028DAE19197BFF00A8E057 /* InfoPlist.strings in Resources */,
				6DCB6D3B1B19C96800F765B0 /* SmileCameraViewController.xib in Resources */,
			);
			runOnlyForDeploymentPostprocessing = 0;
		};
/* End PBXResourcesBuildPhase section */

/* Begin PBXSourcesBuildPhase section */
		6D028D9C19197BFF00A8E057 /* Sources */ = {
			isa = PBXSourcesBuildPhase;
			buildActionMask = 2147483647;
			files = (
				6D028DB419197BFF00A8E057 /* AppDelegate.m in Sources */,
				6DE737EE1D82DF6D00660937 /* UIImage+Additions.m in Sources */,
				6DCB6D3A1B19C96800F765B0 /* SmileCameraViewController.m in Sources */,
				6D028DB019197BFF00A8E057 /* main.m in Sources */,
			);
			runOnlyForDeploymentPostprocessing = 0;
		};
/* End PBXSourcesBuildPhase section */

/* Begin PBXVariantGroup section */
		6D028DAC19197BFF00A8E057 /* InfoPlist.strings */ = {
			isa = PBXVariantGroup;
			children = (
				6D028DAD19197BFF00A8E057 /* en */,
			);
			name = InfoPlist.strings;
			sourceTree = "<group>";
		};
/* End PBXVariantGroup section */

/* Begin XCBuildConfiguration section */
		6D028DD019197BFF00A8E057 /* Debug */ = {
			isa = XCBuildConfiguration;
			buildSettings = {
				ALWAYS_SEARCH_USER_PATHS = NO;
				CLANG_CXX_LANGUAGE_STANDARD = "gnu++0x";
				CLANG_CXX_LIBRARY = "libc++";
				CLANG_ENABLE_MODULES = YES;
				CLANG_ENABLE_OBJC_ARC = YES;
				CLANG_WARN_BOOL_CONVERSION = YES;
				CLANG_WARN_CONSTANT_CONVERSION = YES;
				CLANG_WARN_DIRECT_OBJC_ISA_USAGE = YES_ERROR;
				CLANG_WARN_EMPTY_BODY = YES;
				CLANG_WARN_ENUM_CONVERSION = YES;
				CLANG_WARN_INT_CONVERSION = YES;
				CLANG_WARN_OBJC_ROOT_CLASS = YES_ERROR;
				CLANG_WARN__DUPLICATE_METHOD_MATCH = YES;
				"CODE_SIGN_IDENTITY[sdk=iphoneos*]" = "iPhone Developer";
				COPY_PHASE_STRIP = NO;
				GCC_C_LANGUAGE_STANDARD = gnu99;
				GCC_DYNAMIC_NO_PIC = NO;
				GCC_OPTIMIZATION_LEVEL = 0;
				GCC_PREPROCESSOR_DEFINITIONS = (
					"DEBUG=1",
					"$(inherited)",
				);
				GCC_SYMBOLS_PRIVATE_EXTERN = NO;
				GCC_WARN_64_TO_32_BIT_CONVERSION = YES;
				GCC_WARN_ABOUT_RETURN_TYPE = YES_ERROR;
				GCC_WARN_UNDECLARED_SELECTOR = YES;
				GCC_WARN_UNINITIALIZED_AUTOS = YES_AGGRESSIVE;
				GCC_WARN_UNUSED_FUNCTION = YES;
				GCC_WARN_UNUSED_VARIABLE = YES;
				IPHONEOS_DEPLOYMENT_TARGET = 7.1;
				ONLY_ACTIVE_ARCH = YES;
				SDKROOT = iphoneos;
			};
			name = Debug;
		};
		6D028DD119197BFF00A8E057 /* Release */ = {
			isa = XCBuildConfiguration;
			buildSettings = {
				ALWAYS_SEARCH_USER_PATHS = NO;
				CLANG_CXX_LANGUAGE_STANDARD = "gnu++0x";
				CLANG_CXX_LIBRARY = "libc++";
				CLANG_ENABLE_MODULES = YES;
				CLANG_ENABLE_OBJC_ARC = YES;
				CLANG_WARN_BOOL_CONVERSION = YES;
				CLANG_WARN_CONSTANT_CONVERSION = YES;
				CLANG_WARN_DIRECT_OBJC_ISA_USAGE = YES_ERROR;
				CLANG_WARN_EMPTY_BODY = YES;
				CLANG_WARN_ENUM_CONVERSION = YES;
				CLANG_WARN_INT_CONVERSION = YES;
				CLANG_WARN_OBJC_ROOT_CLASS = YES_ERROR;
				CLANG_WARN__DUPLICATE_METHOD_MATCH = YES;
				"CODE_SIGN_IDENTITY[sdk=iphoneos*]" = "iPhone Developer";
				COPY_PHASE_STRIP = YES;
				ENABLE_NS_ASSERTIONS = NO;
				GCC_C_LANGUAGE_STANDARD = gnu99;
				GCC_WARN_64_TO_32_BIT_CONVERSION = YES;
				GCC_WARN_ABOUT_RETURN_TYPE = YES_ERROR;
				GCC_WARN_UNDECLARED_SELECTOR = YES;
				GCC_WARN_UNINITIALIZED_AUTOS = YES_AGGRESSIVE;
				GCC_WARN_UNUSED_FUNCTION = YES;
				GCC_WARN_UNUSED_VARIABLE = YES;
				IPHONEOS_DEPLOYMENT_TARGET = 7.1;
				SDKROOT = iphoneos;
				VALIDATE_PRODUCT = YES;
			};
			name = Release;
		};
		6D028DD319197BFF00A8E057 /* Debug */ = {
			isa = XCBuildConfiguration;
			buildSettings = {
				ASSETCATALOG_COMPILER_APPICON_NAME = AppIcon;
				GCC_PRECOMPILE_PREFIX_HEADER = YES;
				GCC_PREFIX_HEADER = "SmileCameraViewController/SmileCameraViewControllerDemo-Prefix.pch";
				INFOPLIST_FILE = "$(SRCROOT)/SmileCameraViewController/SmileCameraViewControllerDemo-Info.plist";
				PRODUCT_NAME = SmileCameraViewControllerDemo;
				WRAPPER_EXTENSION = app;
			};
			name = Debug;
		};
		6D028DD419197BFF00A8E057 /* Release */ = {
			isa = XCBuildConfiguration;
			buildSettings = {
				ASSETCATALOG_COMPILER_APPICON_NAME = AppIcon;
				GCC_PRECOMPILE_PREFIX_HEADER = YES;
				GCC_PREFIX_HEADER = "SmileCameraViewController/SmileCameraViewControllerDemo-Prefix.pch";
				INFOPLIST_FILE = "$(SRCROOT)/SmileCameraViewController/SmileCameraViewControllerDemo-Info.plist";
				PRODUCT_NAME = SmileCameraViewControllerDemo;
				WRAPPER_EXTENSION = app;
			};
			name = Release;
		};
/* End XCBuildConfiguration section */

/* Begin XCConfigurationList section */
		6D028D9B19197BFF00A8E057 /* Build configuration list for PBXProject "SmileCameraViewControllerDemo" */ = {
			isa = XCConfigurationList;
			buildConfigurations = (
				6D028DD019197BFF00A8E057 /* Debug */,
				6D028DD119197BFF00A8E057 /* Release */,
			);
			defaultConfigurationIsVisible = 0;
			defaultConfigurationName = Release;
		};
		6D028DD219197BFF00A8E057 /* Build configuration list for PBXNativeTarget "SmileCameraViewControllerDemo" */ = {
			isa = XCConfigurationList;
			buildConfigurations = (
				6D028DD319197BFF00A8E057 /* Debug */,
				6D028DD419197BFF00A8E057 /* Release */,
			);
			defaultConfigurationIsVisible = 0;
			defaultConfigurationName = Release;
		};
/* End XCConfigurationList section */
	};
	rootObject = 6D028D9819197BFF00A8E057 /* Project object */;
}
