// !$*UTF8*$!
{
	archiveVersion = 1;
	classes = {
	};
	objectVersion = 46;
	objects = {

/* Begin PBXBuildFile section */
		6D0D71DA1D897BE4006AAE6C /* main.m in Sources */ = {isa = PBXBuildFile; fileRef = 6D0D71D91D897BE4006AAE6C /* main.m */; };
		6D0D71DD1D897BE4006AAE6C /* AppDelegate.m in Sources */ = {isa = PBXBuildFile; fileRef = 6D0D71DC1D897BE4006AAE6C /* AppDelegate.m */; };
		6D0D71E51D897BE4006AAE6C /* Assets.xcassets in Resources */ = {isa = PBXBuildFile; fileRef = 6D0D71E41D897BE4006AAE6C /* Assets.xcassets */; };
		6D0D71E81D897BE4006AAE6C /* LaunchScreen.storyboard in Resources */ = {isa = PBXBuildFile; fileRef = 6D0D71E61D897BE4006AAE6C /* LaunchScreen.storyboard */; };
		6D0D71F81D897CA2006AAE6C /* UIAlertController+Utilities.m in Sources */ = {isa = PBXBuildFile; fileRef = 6D0D71F21D897CA2006AAE6C /* UIAlertController+Utilities.m */; };
		6D0D71F91D897CA2006AAE6C /* UIImage+Additions.m in Sources */ = {isa = PBXBuildFile; fileRef = 6D0D71F41D897CA2006AAE6C /* UIImage+Additions.m */; };
		6D0D71FA1D897CA2006AAE6C /* SmileViewController.m in Sources */ = {isa = PBXBuildFile; fileRef = 6D0D71F61D897CA2006AAE6C /* SmileViewController.m */; };
		6D0D71FB1D897CA2006AAE6C /* SmileViewController.xib in Resources */ = {isa = PBXBuildFile; fileRef = 6D0D71F71D897CA2006AAE6C /* SmileViewController.xib */; };
/* End PBXBuildFile section */

/* Begin PBXFileReference section */
		6D0D71D51D897BE4006AAE6C /* SmileViewControllerDemo.app */ = {isa = PBXFileReference; explicitFileType = wrapper.application; includeInIndex = 0; path = SmileViewControllerDemo.app; sourceTree = BUILT_PRODUCTS_DIR; };
		6D0D71D91D897BE4006AAE6C /* main.m */ = {isa = PBXFileReference; lastKnownFileType = sourcecode.c.objc; path = main.m; sourceTree = "<group>"; };
		6D0D71DB1D897BE4006AAE6C /* AppDelegate.h */ = {isa = PBXFileReference; lastKnownFileType = sourcecode.c.h; path = AppDelegate.h; sourceTree = "<group>"; };
		6D0D71DC1D897BE4006AAE6C /* AppDelegate.m */ = {isa = PBXFileReference; lastKnownFileType = sourcecode.c.objc; path = AppDelegate.m; sourceTree = "<group>"; };
		6D0D71E41D897BE4006AAE6C /* Assets.xcassets */ = {isa = PBXFileReference; lastKnownFileType = folder.assetcatalog; path = Assets.xcassets; sourceTree = "<group>"; };
		6D0D71E71D897BE4006AAE6C /* Base */ = {isa = PBXFileReference; lastKnownFileType = file.storyboard; name = Base; path = Base.lproj/LaunchScreen.storyboard; sourceTree = "<group>"; };
		6D0D71E91D897BE4006AAE6C /* Info.plist */ = {isa = PBXFileReference; lastKnownFileType = text.plist.xml; path = Info.plist; sourceTree = "<group>"; };
		6D0D71F11D897CA2006AAE6C /* UIAlertController+Utilities.h */ = {isa = PBXFileReference; fileEncoding = 4; lastKnownFileType = sourcecode.c.h; path = "UIAlertController+Utilities.h"; sourceTree = "<group>"; };
		6D0D71F21D897CA2006AAE6C /* UIAlertController+Utilities.m */ = {isa = PBXFileReference; fileEncoding = 4; lastKnownFileType = sourcecode.c.objc; path = "UIAlertController+Utilities.m"; sourceTree = "<group>"; };
		6D0D71F31D897CA2006AAE6C /* UIImage+Additions.h */ = {isa = PBXFileReference; fileEncoding = 4; lastKnownFileType = sourcecode.c.h; path = "UIImage+Additions.h"; sourceTree = "<group>"; };
		6D0D71F41D897CA2006AAE6C /* UIImage+Additions.m */ = {isa = PBXFileReference; fileEncoding = 4; lastKnownFileType = sourcecode.c.objc; path = "UIImage+Additions.m"; sourceTree = "<group>"; };
		6D0D71F51D897CA2006AAE6C /* SmileViewController.h */ = {isa = PBXFileReference; fileEncoding = 4; lastKnownFileType = sourcecode.c.h; path = SmileViewController.h; sourceTree = "<group>"; };
		6D0D71F61D897CA2006AAE6C /* SmileViewController.m */ = {isa = PBXFileReference; fileEncoding = 4; lastKnownFileType = sourcecode.c.objc; path = SmileViewController.m; sourceTree = "<group>"; };
		6D0D71F71D897CA2006AAE6C /* SmileViewController.xib */ = {isa = PBXFileReference; fileEncoding = 4; lastKnownFileType = file.xib; path = SmileViewController.xib; sourceTree = "<group>"; };
/* End PBXFileReference section */

/* Begin PBXFrameworksBuildPhase section */
		6D0D71D21D897BE4006AAE6C /* Frameworks */ = {
			isa = PBXFrameworksBuildPhase;
			buildActionMask = 2147483647;
			files = (
			);
			runOnlyForDeploymentPostprocessing = 0;
		};
/* End PBXFrameworksBuildPhase section */

/* Begin PBXGroup section */
		6D0D71CC1D897BE4006AAE6C = {
			isa = PBXGroup;
			children = (
				6D0D71EF1D897CA2006AAE6C /* SmileViewController */,
				6D0D71D71D897BE4006AAE6C /* SmileViewControllerDemo */,
				6D0D71D61D897BE4006AAE6C /* Products */,
			);
			sourceTree = "<group>";
		};
		6D0D71D61D897BE4006AAE6C /* Products */ = {
			isa = PBXGroup;
			children = (
				6D0D71D51D897BE4006AAE6C /* SmileViewControllerDemo.app */,
			);
			name = Products;
			sourceTree = "<group>";
		};
		6D0D71D71D897BE4006AAE6C /* SmileViewControllerDemo */ = {
			isa = PBXGroup;
			children = (
				6D0D71DB1D897BE4006AAE6C /* AppDelegate.h */,
				6D0D71DC1D897BE4006AAE6C /* AppDelegate.m */,
				6D0D71E41D897BE4006AAE6C /* Assets.xcassets */,
				6D0D71E61D897BE4006AAE6C /* LaunchScreen.storyboard */,
				6D0D71E91D897BE4006AAE6C /* Info.plist */,
				6D0D71D81D897BE4006AAE6C /* Supporting Files */,
			);
			path = SmileViewControllerDemo;
			sourceTree = "<group>";
		};
		6D0D71D81D897BE4006AAE6C /* Supporting Files */ = {
			isa = PBXGroup;
			children = (
				6D0D71D91D897BE4006AAE6C /* main.m */,
			);
			name = "Supporting Files";
			sourceTree = "<group>";
		};
		6D0D71EF1D897CA2006AAE6C /* SmileViewController */ = {
			isa = PBXGroup;
			children = (
				6D0D71F01D897CA2006AAE6C /* Categories */,
				6D0D71F51D897CA2006AAE6C /* SmileViewController.h */,
				6D0D71F61D897CA2006AAE6C /* SmileViewController.m */,
				6D0D71F71D897CA2006AAE6C /* SmileViewController.xib */,
			);
			name = SmileViewController;
			path = ../SmileViewController;
			sourceTree = "<group>";
		};
		6D0D71F01D897CA2006AAE6C /* Categories */ = {
			isa = PBXGroup;
			children = (
				6D0D71F11D897CA2006AAE6C /* UIAlertController+Utilities.h */,
				6D0D71F21D897CA2006AAE6C /* UIAlertController+Utilities.m */,
				6D0D71F31D897CA2006AAE6C /* UIImage+Additions.h */,
				6D0D71F41D897CA2006AAE6C /* UIImage+Additions.m */,
			);
			path = Categories;
			sourceTree = "<group>";
		};
/* End PBXGroup section */

/* Begin PBXNativeTarget section */
		6D0D71D41D897BE4006AAE6C /* SmileViewControllerDemo */ = {
			isa = PBXNativeTarget;
			buildConfigurationList = 6D0D71EC1D897BE4006AAE6C /* Build configuration list for PBXNativeTarget "SmileViewControllerDemo" */;
			buildPhases = (
				6D0D71D11D897BE4006AAE6C /* Sources */,
				6D0D71D21D897BE4006AAE6C /* Frameworks */,
				6D0D71D31D897BE4006AAE6C /* Resources */,
			);
			buildRules = (
			);
			dependencies = (
			);
			name = SmileViewControllerDemo;
			productName = SmileViewControllerDemo;
			productReference = 6D0D71D51D897BE4006AAE6C /* SmileViewControllerDemo.app */;
			productType = "com.apple.product-type.application";
		};
/* End PBXNativeTarget section */

/* Begin PBXProject section */
		6D0D71CD1D897BE4006AAE6C /* Project object */ = {
			isa = PBXProject;
			attributes = {
				LastUpgradeCheck = 0900;
				ORGANIZATIONNAME = "Maxim Makhun";
				TargetAttributes = {
					6D0D71D41D897BE4006AAE6C = {
						CreatedOnToolsVersion = 7.3.1;
						DevelopmentTeam = P4RNZKZ54K;
						ProvisioningStyle = Automatic;
					};
				};
			};
			buildConfigurationList = 6D0D71D01D897BE4006AAE6C /* Build configuration list for PBXProject "SmileViewControllerDemo" */;
			compatibilityVersion = "Xcode 3.2";
			developmentRegion = English;
			hasScannedForEncodings = 0;
			knownRegions = (
				en,
				Base,
			);
			mainGroup = 6D0D71CC1D897BE4006AAE6C;
			productRefGroup = 6D0D71D61D897BE4006AAE6C /* Products */;
			projectDirPath = "";
			projectRoot = "";
			targets = (
				6D0D71D41D897BE4006AAE6C /* SmileViewControllerDemo */,
			);
		};
/* End PBXProject section */

/* Begin PBXResourcesBuildPhase section */
		6D0D71D31D897BE4006AAE6C /* Resources */ = {
			isa = PBXResourcesBuildPhase;
			buildActionMask = 2147483647;
			files = (
				6D0D71FB1D897CA2006AAE6C /* SmileViewController.xib in Resources */,
				6D0D71E81D897BE4006AAE6C /* LaunchScreen.storyboard in Resources */,
				6D0D71E51D897BE4006AAE6C /* Assets.xcassets in Resources */,
			);
			runOnlyForDeploymentPostprocessing = 0;
		};
/* End PBXResourcesBuildPhase section */

/* Begin PBXSourcesBuildPhase section */
		6D0D71D11D897BE4006AAE6C /* Sources */ = {
			isa = PBXSourcesBuildPhase;
			buildActionMask = 2147483647;
			files = (
				6D0D71DD1D897BE4006AAE6C /* AppDelegate.m in Sources */,
				6D0D71F91D897CA2006AAE6C /* UIImage+Additions.m in Sources */,
				6D0D71DA1D897BE4006AAE6C /* main.m in Sources */,
				6D0D71F81D897CA2006AAE6C /* UIAlertController+Utilities.m in Sources */,
				6D0D71FA1D897CA2006AAE6C /* SmileViewController.m in Sources */,
			);
			runOnlyForDeploymentPostprocessing = 0;
		};
/* End PBXSourcesBuildPhase section */

/* Begin PBXVariantGroup section */
		6D0D71E61D897BE4006AAE6C /* LaunchScreen.storyboard */ = {
			isa = PBXVariantGroup;
			children = (
				6D0D71E71D897BE4006AAE6C /* Base */,
			);
			name = LaunchScreen.storyboard;
			sourceTree = "<group>";
		};
/* End PBXVariantGroup section */

/* Begin XCBuildConfiguration section */
		6D0D71EA1D897BE4006AAE6C /* Debug */ = {
			isa = XCBuildConfiguration;
			buildSettings = {
				ALWAYS_SEARCH_USER_PATHS = NO;
				CLANG_ANALYZER_NONNULL = YES;
				CLANG_CXX_LANGUAGE_STANDARD = "gnu++0x";
				CLANG_CXX_LIBRARY = "libc++";
				CLANG_ENABLE_MODULES = YES;
				CLANG_ENABLE_OBJC_ARC = YES;
				CLANG_WARN_BLOCK_CAPTURE_AUTORELEASING = YES;
				CLANG_WARN_BOOL_CONVERSION = YES;
				CLANG_WARN_COMMA = YES;
				CLANG_WARN_CONSTANT_CONVERSION = YES;
				CLANG_WARN_DIRECT_OBJC_ISA_USAGE = YES_ERROR;
				CLANG_WARN_EMPTY_BODY = YES;
				CLANG_WARN_ENUM_CONVERSION = YES;
				CLANG_WARN_INFINITE_RECURSION = YES;
				CLANG_WARN_INT_CONVERSION = YES;
				CLANG_WARN_NON_LITERAL_NULL_CONVERSION = YES;
				CLANG_WARN_OBJC_LITERAL_CONVERSION = YES;
				CLANG_WARN_OBJC_ROOT_CLASS = YES_ERROR;
				CLANG_WARN_RANGE_LOOP_ANALYSIS = YES;
				CLANG_WARN_STRICT_PROTOTYPES = YES;
				CLANG_WARN_SUSPICIOUS_MOVE = YES;
				CLANG_WARN_UNREACHABLE_CODE = YES;
				CLANG_WARN__DUPLICATE_METHOD_MATCH = YES;
				"CODE_SIGN_IDENTITY[sdk=iphoneos*]" = "iPhone Developer";
				COPY_PHASE_STRIP = NO;
				DEBUG_INFORMATION_FORMAT = dwarf;
				ENABLE_STRICT_OBJC_MSGSEND = YES;
				ENABLE_TESTABILITY = YES;
				GCC_C_LANGUAGE_STANDARD = gnu99;
				GCC_DYNAMIC_NO_PIC = NO;
				GCC_NO_COMMON_BLOCKS = YES;
				GCC_OPTIMIZATION_LEVEL = 0;
				GCC_PREPROCESSOR_DEFINITIONS = (
					"DEBUG=1",
					"$(inherited)",
				);
				GCC_WARN_64_TO_32_BIT_CONVERSION = YES;
				GCC_WARN_ABOUT_RETURN_TYPE = YES_ERROR;
				GCC_WARN_UNDECLARED_SELECTOR = YES;
				GCC_WARN_UNINITIALIZED_AUTOS = YES_AGGRESSIVE;
				GCC_WARN_UNUSED_FUNCTION = YES;
				GCC_WARN_UNUSED_VARIABLE = YES;
				IPHONEOS_DEPLOYMENT_TARGET = 10.2;
				MTL_ENABLE_DEBUG_INFO = YES;
				ONLY_ACTIVE_ARCH = YES;
				SDKROOT = iphoneos;
				TARGETED_DEVICE_FAMILY = "1,2";
			};
			name = Debug;
		};
		6D0D71EB1D897BE4006AAE6C /* Release */ = {
			isa = XCBuildConfiguration;
			buildSettings = {
				ALWAYS_SEARCH_USER_PATHS = NO;
				CLANG_ANALYZER_NONNULL = YES;
				CLANG_CXX_LANGUAGE_STANDARD = "gnu++0x";
				CLANG_CXX_LIBRARY = "libc++";
				CLANG_ENABLE_MODULES = YES;
				CLANG_ENABLE_OBJC_ARC = YES;
				CLANG_WARN_BLOCK_CAPTURE_AUTORELEASING = YES;
				CLANG_WARN_BOOL_CONVERSION = YES;
				CLANG_WARN_COMMA = YES;
				CLANG_WARN_CONSTANT_CONVERSION = YES;
				CLANG_WARN_DIRECT_OBJC_ISA_USAGE = YES_ERROR;
				CLANG_WARN_EMPTY_BODY = YES;
				CLANG_WARN_ENUM_CONVERSION = YES;
				CLANG_WARN_INFINITE_RECURSION = YES;
				CLANG_WARN_INT_CONVERSION = YES;
				CLANG_WARN_NON_LITERAL_NULL_CONVERSION = YES;
				CLANG_WARN_OBJC_LITERAL_CONVERSION = YES;
				CLANG_WARN_OBJC_ROOT_CLASS = YES_ERROR;
				CLANG_WARN_RANGE_LOOP_ANALYSIS = YES;
				CLANG_WARN_STRICT_PROTOTYPES = YES;
				CLANG_WARN_SUSPICIOUS_MOVE = YES;
				CLANG_WARN_UNREACHABLE_CODE = YES;
				CLANG_WARN__DUPLICATE_METHOD_MATCH = YES;
				"CODE_SIGN_IDENTITY[sdk=iphoneos*]" = "iPhone Developer";
				COPY_PHASE_STRIP = NO;
				DEBUG_INFORMATION_FORMAT = "dwarf-with-dsym";
				ENABLE_NS_ASSERTIONS = NO;
				ENABLE_STRICT_OBJC_MSGSEND = YES;
				GCC_C_LANGUAGE_STANDARD = gnu99;
				GCC_NO_COMMON_BLOCKS = YES;
				GCC_WARN_64_TO_32_BIT_CONVERSION = YES;
				GCC_WARN_ABOUT_RETURN_TYPE = YES_ERROR;
				GCC_WARN_UNDECLARED_SELECTOR = YES;
				GCC_WARN_UNINITIALIZED_AUTOS = YES_AGGRESSIVE;
				GCC_WARN_UNUSED_FUNCTION = YES;
				GCC_WARN_UNUSED_VARIABLE = YES;
				IPHONEOS_DEPLOYMENT_TARGET = 10.2;
				MTL_ENABLE_DEBUG_INFO = NO;
				SDKROOT = iphoneos;
				TARGETED_DEVICE_FAMILY = "1,2";
				VALIDATE_PRODUCT = YES;
			};
			name = Release;
		};
		6D0D71ED1D897BE4006AAE6C /* Debug */ = {
			isa = XCBuildConfiguration;
			buildSettings = {
				ASSETCATALOG_COMPILER_APPICON_NAME = AppIcon;
				"CODE_SIGN_IDENTITY[sdk=iphoneos*]" = "iPhone Developer";
				DEVELOPMENT_TEAM = P4RNZKZ54K;
				INFOPLIST_FILE = SmileViewControllerDemo/Info.plist;
				IPHONEOS_DEPLOYMENT_TARGET = 11.0;
				LD_RUNPATH_SEARCH_PATHS = "$(inherited) @executable_path/Frameworks";
				PRODUCT_BUNDLE_IDENTIFIER = com.makhun.SmileViewControllerDemo123;
				PRODUCT_NAME = "$(TARGET_NAME)";
				TARGETED_DEVICE_FAMILY = "1,2";
			};
			name = Debug;
		};
		6D0D71EE1D897BE4006AAE6C /* Release */ = {
			isa = XCBuildConfiguration;
			buildSettings = {
				ASSETCATALOG_COMPILER_APPICON_NAME = AppIcon;
				"CODE_SIGN_IDENTITY[sdk=iphoneos*]" = "iPhone Developer";
				DEVELOPMENT_TEAM = P4RNZKZ54K;
				INFOPLIST_FILE = SmileViewControllerDemo/Info.plist;
				IPHONEOS_DEPLOYMENT_TARGET = 11.0;
				LD_RUNPATH_SEARCH_PATHS = "$(inherited) @executable_path/Frameworks";
				PRODUCT_BUNDLE_IDENTIFIER = com.makhun.SmileViewControllerDemo123;
				PRODUCT_NAME = "$(TARGET_NAME)";
				TARGETED_DEVICE_FAMILY = "1,2";
			};
			name = Release;
		};
/* End XCBuildConfiguration section */

/* Begin XCConfigurationList section */
		6D0D71D01D897BE4006AAE6C /* Build configuration list for PBXProject "SmileViewControllerDemo" */ = {
			isa = XCConfigurationList;
			buildConfigurations = (
				6D0D71EA1D897BE4006AAE6C /* Debug */,
				6D0D71EB1D897BE4006AAE6C /* Release */,
			);
			defaultConfigurationIsVisible = 0;
			defaultConfigurationName = Release;
		};
		6D0D71EC1D897BE4006AAE6C /* Build configuration list for PBXNativeTarget "SmileViewControllerDemo" */ = {
			isa = XCConfigurationList;
			buildConfigurations = (
				6D0D71ED1D897BE4006AAE6C /* Debug */,
				6D0D71EE1D897BE4006AAE6C /* Release */,
			);
			defaultConfigurationIsVisible = 0;
			defaultConfigurationName = Release;
		};
/* End XCConfigurationList section */
	};
	rootObject = 6D0D71CD1D897BE4006AAE6C /* Project object */;
}
