// !$*UTF8*$!
{
	archiveVersion = 1;
	classes = {
	};
	objectVersion = 46;
	objects = {

/* Begin PBXBuildFile section */
		6D028DA419197BFF00A8E057 /* Foundation.framework in Frameworks */ = {isa = PBXBuildFile; fileRef = 6D028DA319197BFF00A8E057 /* Foundation.framework */; };
		6D028DA619197BFF00A8E057 /* CoreGraphics.framework in Frameworks */ = {isa = PBXBuildFile; fileRef = 6D028DA519197BFF00A8E057 /* CoreGraphics.framework */; };
		6D028DA819197BFF00A8E057 /* UIKit.framework in Frameworks */ = {isa = PBXBuildFile; fileRef = 6D028DA719197BFF00A8E057 /* UIKit.framework */; };
		6D028DAE19197BFF00A8E057 /* InfoPlist.strings in Resources */ = {isa = PBXBuildFile; fileRef = 6D028DAC19197BFF00A8E057 /* InfoPlist.strings */; };
		6D028DD919197D9A00A8E057 /* AVFoundation.framework in Frameworks */ = {isa = PBXBuildFile; fileRef = 6D028DD819197D9A00A8E057 /* AVFoundation.framework */; };
		6D0D71B01D897A08006AAE6C /* AppDelegate.m in Sources */ = {isa = PBXBuildFile; fileRef = 6D0D71AE1D897A08006AAE6C /* AppDelegate.m */; };
		6D0D71B11D897A08006AAE6C /* Images.xcassets in Resources */ = {isa = PBXBuildFile; fileRef = 6D0D71AF1D897A08006AAE6C /* Images.xcassets */; };
		6D0D71B31D897A14006AAE6C /* main.m in Sources */ = {isa = PBXBuildFile; fileRef = 6D0D71B21D897A14006AAE6C /* main.m */; };
		6D0D71B71D897A30006AAE6C /* SmileViewControllerDemo-Info.plist in Resources */ = {isa = PBXBuildFile; fileRef = 6D0D71B61D897A30006AAE6C /* SmileViewControllerDemo-Info.plist */; };
		6D0D71BD1D897A3E006AAE6C /* UIAlertController+Utilities.m in Sources */ = {isa = PBXBuildFile; fileRef = 6D0D71BA1D897A3E006AAE6C /* UIAlertController+Utilities.m */; };
		6D0D71BE1D897A3E006AAE6C /* UIImage+Additions.m in Sources */ = {isa = PBXBuildFile; fileRef = 6D0D71BC1D897A3E006AAE6C /* UIImage+Additions.m */; };
		6D0D71C61D897B49006AAE6C /* LaunchScreen.storyboard in Resources */ = {isa = PBXBuildFile; fileRef = 6D0D71C51D897B49006AAE6C /* LaunchScreen.storyboard */; };
		6D0D71CA1D897B5A006AAE6C /* SmileViewController.m in Sources */ = {isa = PBXBuildFile; fileRef = 6D0D71C81D897B5A006AAE6C /* SmileViewController.m */; };
		6D0D71CB1D897B5A006AAE6C /* SmileViewController.xib in Resources */ = {isa = PBXBuildFile; fileRef = 6D0D71C91D897B5A006AAE6C /* SmileViewController.xib */; };
/* End PBXBuildFile section */

/* Begin PBXFileReference section */
		6D028DA019197BFF00A8E057 /* SmileViewControllerDemo.app */ = {isa = PBXFileReference; explicitFileType = wrapper.application; includeInIndex = 0; path = SmileViewControllerDemo.app; sourceTree = BUILT_PRODUCTS_DIR; };
		6D028DA319197BFF00A8E057 /* Foundation.framework */ = {isa = PBXFileReference; lastKnownFileType = wrapper.framework; name = Foundation.framework; path = System/Library/Frameworks/Foundation.framework; sourceTree = SDKROOT; };
		6D028DA519197BFF00A8E057 /* CoreGraphics.framework */ = {isa = PBXFileReference; lastKnownFileType = wrapper.framework; name = CoreGraphics.framework; path = System/Library/Frameworks/CoreGraphics.framework; sourceTree = SDKROOT; };
		6D028DA719197BFF00A8E057 /* UIKit.framework */ = {isa = PBXFileReference; lastKnownFileType = wrapper.framework; name = UIKit.framework; path = System/Library/Frameworks/UIKit.framework; sourceTree = SDKROOT; };
		6D028DAD19197BFF00A8E057 /* en */ = {isa = PBXFileReference; lastKnownFileType = text.plist.strings; name = en; path = en.lproj/InfoPlist.strings; sourceTree = "<group>"; };
		6D028DD819197D9A00A8E057 /* AVFoundation.framework */ = {isa = PBXFileReference; lastKnownFileType = wrapper.framework; name = AVFoundation.framework; path = System/Library/Frameworks/AVFoundation.framework; sourceTree = SDKROOT; };
		6D0D71AD1D897A08006AAE6C /* AppDelegate.h */ = {isa = PBXFileReference; fileEncoding = 4; lastKnownFileType = sourcecode.c.h; name = AppDelegate.h; path = SmileViewController/AppDelegate.h; sourceTree = SOURCE_ROOT; };
		6D0D71AE1D897A08006AAE6C /* AppDelegate.m */ = {isa = PBXFileReference; fileEncoding = 4; lastKnownFileType = sourcecode.c.objc; name = AppDelegate.m; path = SmileViewController/AppDelegate.m; sourceTree = SOURCE_ROOT; };
		6D0D71AF1D897A08006AAE6C /* Images.xcassets */ = {isa = PBXFileReference; lastKnownFileType = folder.assetcatalog; name = Images.xcassets; path = SmileViewController/Images.xcassets; sourceTree = SOURCE_ROOT; };
		6D0D71B21D897A14006AAE6C /* main.m */ = {isa = PBXFileReference; fileEncoding = 4; lastKnownFileType = sourcecode.c.objc; name = main.m; path = SmileViewController/main.m; sourceTree = SOURCE_ROOT; };
		6D0D71B61D897A30006AAE6C /* SmileViewControllerDemo-Info.plist */ = {isa = PBXFileReference; fileEncoding = 4; lastKnownFileType = text.plist.xml; name = "SmileViewControllerDemo-Info.plist"; path = "SmileViewController/SmileViewControllerDemo-Info.plist"; sourceTree = SOURCE_ROOT; };
		6D0D71B91D897A3E006AAE6C /* UIAlertController+Utilities.h */ = {isa = PBXFileReference; fileEncoding = 4; lastKnownFileType = sourcecode.c.h; path = "UIAlertController+Utilities.h"; sourceTree = "<group>"; };
		6D0D71BA1D897A3E006AAE6C /* UIAlertController+Utilities.m */ = {isa = PBXFileReference; fileEncoding = 4; lastKnownFileType = sourcecode.c.objc; path = "UIAlertController+Utilities.m"; sourceTree = "<group>"; };
		6D0D71BB1D897A3E006AAE6C /* UIImage+Additions.h */ = {isa = PBXFileReference; fileEncoding = 4; lastKnownFileType = sourcecode.c.h; path = "UIImage+Additions.h"; sourceTree = "<group>"; };
		6D0D71BC1D897A3E006AAE6C /* UIImage+Additions.m */ = {isa = PBXFileReference; fileEncoding = 4; lastKnownFileType = sourcecode.c.objc; path = "UIImage+Additions.m"; sourceTree = "<group>"; };
		6D0D71C41D897AA5006AAE6C /* SmileViewControllerDemo-Prefix.pch */ = {isa = PBXFileReference; fileEncoding = 4; lastKnownFileType = sourcecode.c.h; name = "SmileViewControllerDemo-Prefix.pch"; path = "SmileViewController/SmileViewControllerDemo-Prefix.pch"; sourceTree = SOURCE_ROOT; };
		6D0D71C51D897B49006AAE6C /* LaunchScreen.storyboard */ = {isa = PBXFileReference; fileEncoding = 4; lastKnownFileType = file.storyboard; name = LaunchScreen.storyboard; path = SmileViewController/LaunchScreen.storyboard; sourceTree = SOURCE_ROOT; };
		6D0D71C71D897B5A006AAE6C /* SmileViewController.h */ = {isa = PBXFileReference; fileEncoding = 4; lastKnownFileType = sourcecode.c.h; name = SmileViewController.h; path = ../SmileViewController/SmileViewController.h; sourceTree = "<group>"; };
		6D0D71C81D897B5A006AAE6C /* SmileViewController.m */ = {isa = PBXFileReference; fileEncoding = 4; lastKnownFileType = sourcecode.c.objc; name = SmileViewController.m; path = ../SmileViewController/SmileViewController.m; sourceTree = "<group>"; };
		6D0D71C91D897B5A006AAE6C /* SmileViewController.xib */ = {isa = PBXFileReference; fileEncoding = 4; lastKnownFileType = file.xib; name = SmileViewController.xib; path = ../SmileViewController/SmileViewController.xib; sourceTree = "<group>"; };
/* End PBXFileReference section */

/* Begin PBXFrameworksBuildPhase section */
		6D028D9D19197BFF00A8E057 /* Frameworks */ = {
			isa = PBXFrameworksBuildPhase;
			buildActionMask = 2147483647;
			files = (
				6D028DD919197D9A00A8E057 /* AVFoundation.framework in Frameworks */,
				6D028DA619197BFF00A8E057 /* CoreGraphics.framework in Frameworks */,
				6D028DA819197BFF00A8E057 /* UIKit.framework in Frameworks */,
				6D028DA419197BFF00A8E057 /* Foundation.framework in Frameworks */,
			);
			runOnlyForDeploymentPostprocessing = 0;
		};
/* End PBXFrameworksBuildPhase section */

/* Begin PBXGroup section */
		6D028D9719197BFF00A8E057 = {
			isa = PBXGroup;
			children = (
				6D0D71C71D897B5A006AAE6C /* SmileViewController.h */,
				6D0D71C81D897B5A006AAE6C /* SmileViewController.m */,
				6D0D71C91D897B5A006AAE6C /* SmileViewController.xib */,
				6D0D71B81D897A3E006AAE6C /* Categories */,
				6D028DA919197BFF00A8E057 /* SmileViewControllerDemo */,
				6D028DA219197BFF00A8E057 /* Frameworks */,
				6D028DA119197BFF00A8E057 /* Products */,
			);
			sourceTree = "<group>";
		};
		6D028DA119197BFF00A8E057 /* Products */ = {
			isa = PBXGroup;
			children = (
				6D028DA019197BFF00A8E057 /* SmileViewControllerDemo.app */,
			);
			name = Products;
			sourceTree = "<group>";
		};
		6D028DA219197BFF00A8E057 /* Frameworks */ = {
			isa = PBXGroup;
			children = (
				6D028DD819197D9A00A8E057 /* AVFoundation.framework */,
				6D028DA319197BFF00A8E057 /* Foundation.framework */,
				6D028DA519197BFF00A8E057 /* CoreGraphics.framework */,
				6D028DA719197BFF00A8E057 /* UIKit.framework */,
			);
			name = Frameworks;
			sourceTree = "<group>";
		};
		6D028DA919197BFF00A8E057 /* SmileViewControllerDemo */ = {
			isa = PBXGroup;
			children = (
				6D0D71AD1D897A08006AAE6C /* AppDelegate.h */,
				6D0D71AE1D897A08006AAE6C /* AppDelegate.m */,
				6D0D71AF1D897A08006AAE6C /* Images.xcassets */,
				6D028DAA19197BFF00A8E057 /* Supporting Files */,
			);
			name = SmileViewControllerDemo;
			path = SmileCameraViewController;
			sourceTree = "<group>";
		};
		6D028DAA19197BFF00A8E057 /* Supporting Files */ = {
			isa = PBXGroup;
			children = (
				6D0D71C51D897B49006AAE6C /* LaunchScreen.storyboard */,
				6D0D71C41D897AA5006AAE6C /* SmileViewControllerDemo-Prefix.pch */,
				6D0D71B61D897A30006AAE6C /* SmileViewControllerDemo-Info.plist */,
				6D0D71B21D897A14006AAE6C /* main.m */,
				6D028DAC19197BFF00A8E057 /* InfoPlist.strings */,
			);
			name = "Supporting Files";
			sourceTree = "<group>";
		};
		6D0D71B81D897A3E006AAE6C /* Categories */ = {
			isa = PBXGroup;
			children = (
				6D0D71B91D897A3E006AAE6C /* UIAlertController+Utilities.h */,
				6D0D71BA1D897A3E006AAE6C /* UIAlertController+Utilities.m */,
				6D0D71BB1D897A3E006AAE6C /* UIImage+Additions.h */,
				6D0D71BC1D897A3E006AAE6C /* UIImage+Additions.m */,
			);
			path = Categories;
			sourceTree = "<group>";
		};
/* End PBXGroup section */

/* Begin PBXNativeTarget section */
		6D028D9F19197BFF00A8E057 /* SmileViewControllerDemo */ = {
			isa = PBXNativeTarget;
			buildConfigurationList = 6D028DD219197BFF00A8E057 /* Build configuration list for PBXNativeTarget "SmileViewControllerDemo" */;
			buildPhases = (
				6D028D9C19197BFF00A8E057 /* Sources */,
				6D028D9D19197BFF00A8E057 /* Frameworks */,
				6D028D9E19197BFF00A8E057 /* Resources */,
			);
			buildRules = (
			);
			dependencies = (
			);
			name = SmileViewControllerDemo;
			productName = SmileCameraViewController;
			productReference = 6D028DA019197BFF00A8E057 /* SmileViewControllerDemo.app */;
			productType = "com.apple.product-type.application";
		};
/* End PBXNativeTarget section */

/* Begin PBXProject section */
		6D028D9819197BFF00A8E057 /* Project object */ = {
			isa = PBXProject;
			attributes = {
				CLASSPREFIX = MMA;
				LastUpgradeCheck = 0730;
				ORGANIZATIONNAME = MMA;
			};
			buildConfigurationList = 6D028D9B19197BFF00A8E057 /* Build configuration list for PBXProject "SmileViewControllerDemo" */;
			compatibilityVersion = "Xcode 3.2";
			developmentRegion = English;
			hasScannedForEncodings = 0;
			knownRegions = (
				en,
				Base,
			);
			mainGroup = 6D028D9719197BFF00A8E057;
			productRefGroup = 6D028DA119197BFF00A8E057 /* Products */;
			projectDirPath = "";
			projectRoot = "";
			targets = (
				6D028D9F19197BFF00A8E057 /* SmileViewControllerDemo */,
			);
		};
/* End PBXProject section */

/* Begin PBXResourcesBuildPhase section */
		6D028D9E19197BFF00A8E057 /* Resources */ = {
			isa = PBXResourcesBuildPhase;
			buildActionMask = 2147483647;
			files = (
				6D0D71B11D897A08006AAE6C /* Images.xcassets in Resources */,
				6D028DAE19197BFF00A8E057 /* InfoPlist.strings in Resources */,
				6D0D71B71D897A30006AAE6C /* SmileViewControllerDemo-Info.plist in Resources */,
				6D0D71C61D897B49006AAE6C /* LaunchScreen.storyboard in Resources */,
				6D0D71CB1D897B5A006AAE6C /* SmileViewController.xib in Resources */,
			);
			runOnlyForDeploymentPostprocessing = 0;
		};
/* End PBXResourcesBuildPhase section */

/* Begin PBXSourcesBuildPhase section */
		6D028D9C19197BFF00A8E057 /* Sources */ = {
			isa = PBXSourcesBuildPhase;
			buildActionMask = 2147483647;
			files = (
				6D0D71BD1D897A3E006AAE6C /* UIAlertController+Utilities.m in Sources */,
				6D0D71B31D897A14006AAE6C /* main.m in Sources */,
				6D0D71BE1D897A3E006AAE6C /* UIImage+Additions.m in Sources */,
				6D0D71B01D897A08006AAE6C /* AppDelegate.m in Sources */,
				6D0D71CA1D897B5A006AAE6C /* SmileViewController.m in Sources */,
			);
			runOnlyForDeploymentPostprocessing = 0;
		};
/* End PBXSourcesBuildPhase section */

/* Begin PBXVariantGroup section */
		6D028DAC19197BFF00A8E057 /* InfoPlist.strings */ = {
			isa = PBXVariantGroup;
			children = (
				6D028DAD19197BFF00A8E057 /* en */,
			);
			name = InfoPlist.strings;
			sourceTree = "<group>";
		};
/* End PBXVariantGroup section */

/* Begin XCBuildConfiguration section */
		6D028DD019197BFF00A8E057 /* Debug */ = {
			isa = XCBuildConfiguration;
			buildSettings = {
				ALWAYS_SEARCH_USER_PATHS = NO;
				CLANG_CXX_LANGUAGE_STANDARD = "gnu++0x";
				CLANG_CXX_LIBRARY = "libc++";
				CLANG_ENABLE_MODULES = YES;
				CLANG_ENABLE_OBJC_ARC = YES;
				CLANG_WARN_BOOL_CONVERSION = YES;
				CLANG_WARN_CONSTANT_CONVERSION = YES;
				CLANG_WARN_DIRECT_OBJC_ISA_USAGE = YES_ERROR;
				CLANG_WARN_EMPTY_BODY = YES;
				CLANG_WARN_ENUM_CONVERSION = YES;
				CLANG_WARN_INT_CONVERSION = YES;
				CLANG_WARN_OBJC_ROOT_CLASS = YES_ERROR;
				CLANG_WARN__DUPLICATE_METHOD_MATCH = YES;
				"CODE_SIGN_IDENTITY[sdk=iphoneos*]" = "iPhone Developer";
				COPY_PHASE_STRIP = NO;
				ENABLE_TESTABILITY = YES;
				GCC_C_LANGUAGE_STANDARD = gnu99;
				GCC_DYNAMIC_NO_PIC = NO;
				GCC_OPTIMIZATION_LEVEL = 0;
				GCC_PREPROCESSOR_DEFINITIONS = (
					"DEBUG=1",
					"$(inherited)",
				);
				GCC_SYMBOLS_PRIVATE_EXTERN = NO;
				GCC_WARN_64_TO_32_BIT_CONVERSION = YES;
				GCC_WARN_ABOUT_RETURN_TYPE = YES_ERROR;
				GCC_WARN_UNDECLARED_SELECTOR = YES;
				GCC_WARN_UNINITIALIZED_AUTOS = YES_AGGRESSIVE;
				GCC_WARN_UNUSED_FUNCTION = YES;
				GCC_WARN_UNUSED_VARIABLE = YES;
				IPHONEOS_DEPLOYMENT_TARGET = 8.0;
				ONLY_ACTIVE_ARCH = YES;
				SDKROOT = iphoneos;
			};
			name = Debug;
		};
		6D028DD119197BFF00A8E057 /* Release */ = {
			isa = XCBuildConfiguration;
			buildSettings = {
				ALWAYS_SEARCH_USER_PATHS = NO;
				CLANG_CXX_LANGUAGE_STANDARD = "gnu++0x";
				CLANG_CXX_LIBRARY = "libc++";
				CLANG_ENABLE_MODULES = YES;
				CLANG_ENABLE_OBJC_ARC = YES;
				CLANG_WARN_BOOL_CONVERSION = YES;
				CLANG_WARN_CONSTANT_CONVERSION = YES;
				CLANG_WARN_DIRECT_OBJC_ISA_USAGE = YES_ERROR;
				CLANG_WARN_EMPTY_BODY = YES;
				CLANG_WARN_ENUM_CONVERSION = YES;
				CLANG_WARN_INT_CONVERSION = YES;
				CLANG_WARN_OBJC_ROOT_CLASS = YES_ERROR;
				CLANG_WARN__DUPLICATE_METHOD_MATCH = YES;
				"CODE_SIGN_IDENTITY[sdk=iphoneos*]" = "iPhone Developer";
				COPY_PHASE_STRIP = YES;
				ENABLE_NS_ASSERTIONS = NO;
				GCC_C_LANGUAGE_STANDARD = gnu99;
				GCC_WARN_64_TO_32_BIT_CONVERSION = YES;
				GCC_WARN_ABOUT_RETURN_TYPE = YES_ERROR;
				GCC_WARN_UNDECLARED_SELECTOR = YES;
				GCC_WARN_UNINITIALIZED_AUTOS = YES_AGGRESSIVE;
				GCC_WARN_UNUSED_FUNCTION = YES;
				GCC_WARN_UNUSED_VARIABLE = YES;
				IPHONEOS_DEPLOYMENT_TARGET = 8.0;
				SDKROOT = iphoneos;
				VALIDATE_PRODUCT = YES;
			};
			name = Release;
		};
		6D028DD319197BFF00A8E057 /* Debug */ = {
			isa = XCBuildConfiguration;
			buildSettings = {
				ASSETCATALOG_COMPILER_APPICON_NAME = AppIcon;
				GCC_PRECOMPILE_PREFIX_HEADER = YES;
				GCC_PREFIX_HEADER = "SmileCameraViewController/SmileViewControllerDemo-Prefix.pch";
				INFOPLIST_FILE = "SmileCameraViewController/SmileViewControllerDemo-Info.plist";
				IPHONEOS_DEPLOYMENT_TARGET = 8.0;
				PRODUCT_BUNDLE_IDENTIFIER = com.mma.SmileViewControllerDemo;
				PRODUCT_NAME = SmileViewControllerDemo;
				WRAPPER_EXTENSION = app;
			};
			name = Debug;
		};
		6D028DD419197BFF00A8E057 /* Release */ = {
			isa = XCBuildConfiguration;
			buildSettings = {
				ASSETCATALOG_COMPILER_APPICON_NAME = AppIcon;
				GCC_PRECOMPILE_PREFIX_HEADER = YES;
				GCC_PREFIX_HEADER = "SmileCameraViewController/SmileViewControllerDemo-Prefix.pch";
				INFOPLIST_FILE = "SmileCameraViewController/SmileViewControllerDemo-Info.plist";
				IPHONEOS_DEPLOYMENT_TARGET = 8.0;
				PRODUCT_BUNDLE_IDENTIFIER = com.mma.SmileViewControllerDemo;
				PRODUCT_NAME = SmileViewControllerDemo;
				WRAPPER_EXTENSION = app;
			};
			name = Release;
		};
/* End XCBuildConfiguration section */

/* Begin XCConfigurationList section */
		6D028D9B19197BFF00A8E057 /* Build configuration list for PBXProject "SmileViewControllerDemo" */ = {
			isa = XCConfigurationList;
			buildConfigurations = (
				6D028DD019197BFF00A8E057 /* Debug */,
				6D028DD119197BFF00A8E057 /* Release */,
			);
			defaultConfigurationIsVisible = 0;
			defaultConfigurationName = Release;
		};
		6D028DD219197BFF00A8E057 /* Build configuration list for PBXNativeTarget "SmileViewControllerDemo" */ = {
			isa = XCConfigurationList;
			buildConfigurations = (
				6D028DD319197BFF00A8E057 /* Debug */,
				6D028DD419197BFF00A8E057 /* Release */,
			);
			defaultConfigurationIsVisible = 0;
			defaultConfigurationName = Release;
		};
/* End XCConfigurationList section */
	};
	rootObject = 6D028D9819197BFF00A8E057 /* Project object */;
}
